
Microsoft Visual Studio Solution File, Format Version 12.00
# Visual Studio Version 16
VisualStudioVersion = 16.0.31112.23
MinimumVisualStudioVersion = 10.0.40219.1
Project("{FAE04EC0-301F-11D3-BF4B-00C04F79EFBC}") = "EduHomeApp", "EduHomeApp.csproj", "{7F928203-3A0C-4C4C-A077-C534D51428D9}"
EndProject
Global
	GlobalSection(SolutionConfigurationPlatforms) = preSolution
		Debug|Any CPU = Debug|Any CPU
		Release|Any CPU = Release|Any CPU
	EndGlobalSection
	GlobalSection(ProjectConfigurationPlatforms) = postSolution
		{7F928203-3A0C-4C4C-A077-C534D51428D9}.Debug|Any CPU.ActiveCfg = Debug|Any CPU
		{7F928203-3A0C-4C4C-A077-C534D51428D9}.Debug|Any CPU.Build.0 = Debug|Any CPU
		{7F928203-3A0C-4C4C-A077-C534D51428D9}.Release|Any CPU.ActiveCfg = Release|Any CPU
		{7F928203-3A0C-4C4C-A077-C534D51428D9}.Release|Any CPU.Build.0 = Release|Any CPU
	EndGlobalSection
	GlobalSection(SolutionProperties) = preSolution
		HideSolutionNode = FALSE
	EndGlobalSection
	GlobalSection(ExtensibilityGlobals) = postSolution
		SolutionGuid = {292ED719-E6E5-4D73-8573-FF517BBF503E}
	EndGlobalSection
EndGlobal
